
Microsoft Visual Studio Solution File, Format Version 12.00
# Visual Studio Version 17
VisualStudioVersion = 17.8.34316.72
MinimumVisualStudioVersion = 10.0.40219.1
Project("{FAE04EC0-301F-11D3-BF4B-00C04F79EFBC}") = "TravelDeskWebApi", "TravelDeskWebApi\TravelDeskWebApi.csproj", "{B9F9E8CB-67FA-4EA5-A9D4-E722BD959E62}"
EndProject
Global
	GlobalSection(SolutionConfigurationPlatforms) = preSolution
		Debug|Any CPU = Debug|Any CPU
		Release|Any CPU = Release|Any CPU
	EndGlobalSection
	GlobalSection(ProjectConfigurationPlatforms) = postSolution
		{B9F9E8CB-67FA-4EA5-A9D4-E722BD959E62}.Debug|Any CPU.ActiveCfg = Debug|Any CPU
		{B9F9E8CB-67FA-4EA5-A9D4-E722BD959E62}.Debug|Any CPU.Build.0 = Debug|Any CPU
		{B9F9E8CB-67FA-4EA5-A9D4-E722BD959E62}.Release|Any CPU.ActiveCfg = Release|Any CPU
		{B9F9E8CB-67FA-4EA5-A9D4-E722BD959E62}.Release|Any CPU.Build.0 = Release|Any CPU
	EndGlobalSection
	GlobalSection(SolutionProperties) = preSolution
		HideSolutionNode = FALSE
	EndGlobalSection
	GlobalSection(ExtensibilityGlobals) = postSolution
		SolutionGuid = {39F49ED9-623E-48BA-9677-77AADA33128F}
	EndGlobalSection
EndGlobal
